
Microsoft Visual Studio Solution File, Format Version 12.00
# Visual Studio Version 17
VisualStudioVersion = 17.0.32014.148
MinimumVisualStudioVersion = 10.0.40219.1
Project("{FAE04EC0-301F-11D3-BF4B-00C04F79EFBC}") = "CRUDWebApliccation", "CRUDWebApliccation\CRUDWebApliccation.csproj", "{209BE9AE-F596-4999-8FF3-398422460F7A}"
EndProject
Global
	GlobalSection(SolutionConfigurationPlatforms) = preSolution
		Debug|Any CPU = Debug|Any CPU
		Release|Any CPU = Release|Any CPU
	EndGlobalSection
	GlobalSection(ProjectConfigurationPlatforms) = postSolution
		{209BE9AE-F596-4999-8FF3-398422460F7A}.Debug|Any CPU.ActiveCfg = Debug|Any CPU
		{209BE9AE-F596-4999-8FF3-398422460F7A}.Debug|Any CPU.Build.0 = Debug|Any CPU
		{209BE9AE-F596-4999-8FF3-398422460F7A}.Release|Any CPU.ActiveCfg = Release|Any CPU
		{209BE9AE-F596-4999-8FF3-398422460F7A}.Release|Any CPU.Build.0 = Release|Any CPU
	EndGlobalSection
	GlobalSection(SolutionProperties) = preSolution
		HideSolutionNode = FALSE
	EndGlobalSection
	GlobalSection(ExtensibilityGlobals) = postSolution
		SolutionGuid = {28154B6E-3503-4FF1-AF39-2DEC131075B3}
	EndGlobalSection
EndGlobal
